
Microsoft Visual Studio Solution File, Format Version 12.00
# Visual Studio 15
VisualStudioVersion = 15.0.28307.271
MinimumVisualStudioVersion = 10.0.40219.1
Project("{FAE04EC0-301F-11D3-BF4B-00C04F79EFBC}") = "WindowsFormsApp11", "WindowsFormsApp11\WindowsFormsApp11.csproj", "{DD420237-CC0D-4A4B-AF6C-D5EB6155028A}"
EndProject
Global
	GlobalSection(SolutionConfigurationPlatforms) = preSolution
		Debug|Any CPU = Debug|Any CPU
		Release|Any CPU = Release|Any CPU
	EndGlobalSection
	GlobalSection(ProjectConfigurationPlatforms) = postSolution
		{DD420237-CC0D-4A4B-AF6C-D5EB6155028A}.Debug|Any CPU.ActiveCfg = Debug|Any CPU
		{DD420237-CC0D-4A4B-AF6C-D5EB6155028A}.Debug|Any CPU.Build.0 = Debug|Any CPU
		{DD420237-CC0D-4A4B-AF6C-D5EB6155028A}.Release|Any CPU.ActiveCfg = Release|Any CPU
		{DD420237-CC0D-4A4B-AF6C-D5EB6155028A}.Release|Any CPU.Build.0 = Release|Any CPU
	EndGlobalSection
	GlobalSection(SolutionProperties) = preSolution
		HideSolutionNode = FALSE
	EndGlobalSection
	GlobalSection(ExtensibilityGlobals) = postSolution
		SolutionGuid = {BE599303-BC32-4F56-88A9-86FDE29C0F98}
	EndGlobalSection
EndGlobal
